
Microsoft Visual Studio Solution File, Format Version 12.00
# Visual Studio Version 17
VisualStudioVersion = 17.7.34221.43
MinimumVisualStudioVersion = 10.0.40219.1
Project("{8BC9CEB8-8B4A-11D0-8D11-00A0C91BC942}") = "test.c", "test.c.vcxproj", "{0041A686-D594-47B9-87AB-214385C65FEA}"
EndProject
Global
	GlobalSection(SolutionConfigurationPlatforms) = preSolution
		Debug|x64 = Debug|x64
		Debug|x86 = Debug|x86
		Release|x64 = Release|x64
		Release|x86 = Release|x86
	EndGlobalSection
	GlobalSection(ProjectConfigurationPlatforms) = postSolution
		{0041A686-D594-47B9-87AB-214385C65FEA}.Debug|x64.ActiveCfg = Debug|x64
		{0041A686-D594-47B9-87AB-214385C65FEA}.Debug|x64.Build.0 = Debug|x64
		{0041A686-D594-47B9-87AB-214385C65FEA}.Debug|x86.ActiveCfg = Debug|Win32
		{0041A686-D594-47B9-87AB-214385C65FEA}.Debug|x86.Build.0 = Debug|Win32
		{0041A686-D594-47B9-87AB-214385C65FEA}.Release|x64.ActiveCfg = Release|x64
		{0041A686-D594-47B9-87AB-214385C65FEA}.Release|x64.Build.0 = Release|x64
		{0041A686-D594-47B9-87AB-214385C65FEA}.Release|x86.ActiveCfg = Release|Win32
		{0041A686-D594-47B9-87AB-214385C65FEA}.Release|x86.Build.0 = Release|Win32
	EndGlobalSection
	GlobalSection(SolutionProperties) = preSolution
		HideSolutionNode = FALSE
	EndGlobalSection
	GlobalSection(ExtensibilityGlobals) = postSolution
		SolutionGuid = {E8161473-D31F-467C-98D6-2EF6C1624984}
	EndGlobalSection
EndGlobal
